
Microsoft Visual Studio Solution File, Format Version 12.00
# Visual Studio Version 17
VisualStudioVersion = 17.11.35431.28
MinimumVisualStudioVersion = 10.0.40219.1
Project("{2150E333-8FDC-42A3-9474-1A3956D46DE8}") = "Domain", "Domain", "{585EFF1B-0E36-4581-AE07-D8F09787BC5E}"
EndProject
Project("{9A19103F-16F7-4668-BE54-9A1E7A4F7556}") = "Okala.Domain", "Okala.Domain\Okala.Domain.csproj", "{840BD1F5-E232-4147-952C-0B63B1C0401D}"
EndProject
Project("{9A19103F-16F7-4668-BE54-9A1E7A4F7556}") = "Okala.DomainService", "Okala.DomainService\Okala.DomainService.csproj", "{33C2E31B-B41B-48A6-9D6E-B6AB136AB0EC}"
EndProject
Project("{2150E333-8FDC-42A3-9474-1A3956D46DE8}") = "Infrastructure", "Infrastructure", "{ED34C5B9-5DEE-4BBE-BDE3-D469F069BB63}"
EndProject
Project("{9A19103F-16F7-4668-BE54-9A1E7A4F7556}") = "Okala.Command.EF", "Okala.Command.EF\Okala.Command.EF.csproj", "{22B6B840-922A-409F-A107-F1D84249D327}"
EndProject
Project("{9A19103F-16F7-4668-BE54-9A1E7A4F7556}") = "Okala.Query.Dapper", "Okala.Query.Dapper\Okala.Query.Dapper.csproj", "{2BEBBEE2-67DA-4B88-B588-D936F71903AE}"
EndProject
Project("{2150E333-8FDC-42A3-9474-1A3956D46DE8}") = "Application", "Application", "{9540FC77-B0C9-4093-B29E-B1181282D49B}"
EndProject
Project("{9A19103F-16F7-4668-BE54-9A1E7A4F7556}") = "Okala.Application", "Okala.Application\Okala.Application.csproj", "{B74DD31F-D331-4EEE-8F09-B3F065F34FBC}"
EndProject
Project("{2150E333-8FDC-42A3-9474-1A3956D46DE8}") = "RestApi", "RestApi", "{76C7782D-C976-46EA-81A0-331C669E2715}"
EndProject
Project("{9A19103F-16F7-4668-BE54-9A1E7A4F7556}") = "Okala.RestApi", "Okala.RestApi\Okala.RestApi.csproj", "{C67FA9D8-562C-4911-A99B-0C98F8659A1F}"
EndProject
Project("{2150E333-8FDC-42A3-9474-1A3956D46DE8}") = "Src", "Src", "{2612B2A2-3C59-42E0-A3A7-89C7FB614470}"
EndProject
Project("{2150E333-8FDC-42A3-9474-1A3956D46DE8}") = "Test", "Test", "{98BD127F-2A56-423A-9067-26F8C39A0BCF}"
EndProject
Project("{9A19103F-16F7-4668-BE54-9A1E7A4F7556}") = "Okala.Web.ServiceHost", "Okala.Web.ServiceHost\Okala.Web.ServiceHost.csproj", "{2AB23DA9-05B8-4734-B232-07C1C76AB834}"
EndProject
Project("{FAE04EC0-301F-11D3-BF4B-00C04F79EFBC}") = "Okala.OnlineDataReader", "Okala.OnlineDataReader\Okala.OnlineDataReader.csproj", "{1B61C678-0122-418C-8926-21D58F207F06}"
EndProject
Global
	GlobalSection(SolutionConfigurationPlatforms) = preSolution
		Debug|Any CPU = Debug|Any CPU
		Release|Any CPU = Release|Any CPU
	EndGlobalSection
	GlobalSection(ProjectConfigurationPlatforms) = postSolution
		{840BD1F5-E232-4147-952C-0B63B1C0401D}.Debug|Any CPU.ActiveCfg = Debug|Any CPU
		{840BD1F5-E232-4147-952C-0B63B1C0401D}.Debug|Any CPU.Build.0 = Debug|Any CPU
		{840BD1F5-E232-4147-952C-0B63B1C0401D}.Release|Any CPU.ActiveCfg = Release|Any CPU
		{840BD1F5-E232-4147-952C-0B63B1C0401D}.Release|Any CPU.Build.0 = Release|Any CPU
		{33C2E31B-B41B-48A6-9D6E-B6AB136AB0EC}.Debug|Any CPU.ActiveCfg = Debug|Any CPU
		{33C2E31B-B41B-48A6-9D6E-B6AB136AB0EC}.Debug|Any CPU.Build.0 = Debug|Any CPU
		{33C2E31B-B41B-48A6-9D6E-B6AB136AB0EC}.Release|Any CPU.ActiveCfg = Release|Any CPU
		{33C2E31B-B41B-48A6-9D6E-B6AB136AB0EC}.Release|Any CPU.Build.0 = Release|Any CPU
		{22B6B840-922A-409F-A107-F1D84249D327}.Debug|Any CPU.ActiveCfg = Debug|Any CPU
		{22B6B840-922A-409F-A107-F1D84249D327}.Debug|Any CPU.Build.0 = Debug|Any CPU
		{22B6B840-922A-409F-A107-F1D84249D327}.Release|Any CPU.ActiveCfg = Release|Any CPU
		{22B6B840-922A-409F-A107-F1D84249D327}.Release|Any CPU.Build.0 = Release|Any CPU
		{2BEBBEE2-67DA-4B88-B588-D936F71903AE}.Debug|Any CPU.ActiveCfg = Debug|Any CPU
		{2BEBBEE2-67DA-4B88-B588-D936F71903AE}.Debug|Any CPU.Build.0 = Debug|Any CPU
		{2BEBBEE2-67DA-4B88-B588-D936F71903AE}.Release|Any CPU.ActiveCfg = Release|Any CPU
		{2BEBBEE2-67DA-4B88-B588-D936F71903AE}.Release|Any CPU.Build.0 = Release|Any CPU
		{B74DD31F-D331-4EEE-8F09-B3F065F34FBC}.Debug|Any CPU.ActiveCfg = Debug|Any CPU
		{B74DD31F-D331-4EEE-8F09-B3F065F34FBC}.Debug|Any CPU.Build.0 = Debug|Any CPU
		{B74DD31F-D331-4EEE-8F09-B3F065F34FBC}.Release|Any CPU.ActiveCfg = Release|Any CPU
		{B74DD31F-D331-4EEE-8F09-B3F065F34FBC}.Release|Any CPU.Build.0 = Release|Any CPU
		{C67FA9D8-562C-4911-A99B-0C98F8659A1F}.Debug|Any CPU.ActiveCfg = Debug|Any CPU
		{C67FA9D8-562C-4911-A99B-0C98F8659A1F}.Debug|Any CPU.Build.0 = Debug|Any CPU
		{C67FA9D8-562C-4911-A99B-0C98F8659A1F}.Release|Any CPU.ActiveCfg = Release|Any CPU
		{C67FA9D8-562C-4911-A99B-0C98F8659A1F}.Release|Any CPU.Build.0 = Release|Any CPU
		{2AB23DA9-05B8-4734-B232-07C1C76AB834}.Debug|Any CPU.ActiveCfg = Debug|Any CPU
		{2AB23DA9-05B8-4734-B232-07C1C76AB834}.Debug|Any CPU.Build.0 = Debug|Any CPU
		{2AB23DA9-05B8-4734-B232-07C1C76AB834}.Release|Any CPU.ActiveCfg = Release|Any CPU
		{2AB23DA9-05B8-4734-B232-07C1C76AB834}.Release|Any CPU.Build.0 = Release|Any CPU
		{1B61C678-0122-418C-8926-21D58F207F06}.Debug|Any CPU.ActiveCfg = Debug|Any CPU
		{1B61C678-0122-418C-8926-21D58F207F06}.Debug|Any CPU.Build.0 = Debug|Any CPU
		{1B61C678-0122-418C-8926-21D58F207F06}.Release|Any CPU.ActiveCfg = Release|Any CPU
		{1B61C678-0122-418C-8926-21D58F207F06}.Release|Any CPU.Build.0 = Release|Any CPU
	EndGlobalSection
	GlobalSection(SolutionProperties) = preSolution
		HideSolutionNode = FALSE
	EndGlobalSection
	GlobalSection(NestedProjects) = preSolution
		{585EFF1B-0E36-4581-AE07-D8F09787BC5E} = {2612B2A2-3C59-42E0-A3A7-89C7FB614470}
		{840BD1F5-E232-4147-952C-0B63B1C0401D} = {585EFF1B-0E36-4581-AE07-D8F09787BC5E}
		{33C2E31B-B41B-48A6-9D6E-B6AB136AB0EC} = {585EFF1B-0E36-4581-AE07-D8F09787BC5E}
		{ED34C5B9-5DEE-4BBE-BDE3-D469F069BB63} = {2612B2A2-3C59-42E0-A3A7-89C7FB614470}
		{22B6B840-922A-409F-A107-F1D84249D327} = {ED34C5B9-5DEE-4BBE-BDE3-D469F069BB63}
		{2BEBBEE2-67DA-4B88-B588-D936F71903AE} = {ED34C5B9-5DEE-4BBE-BDE3-D469F069BB63}
		{9540FC77-B0C9-4093-B29E-B1181282D49B} = {2612B2A2-3C59-42E0-A3A7-89C7FB614470}
		{B74DD31F-D331-4EEE-8F09-B3F065F34FBC} = {9540FC77-B0C9-4093-B29E-B1181282D49B}
		{76C7782D-C976-46EA-81A0-331C669E2715} = {2612B2A2-3C59-42E0-A3A7-89C7FB614470}
		{C67FA9D8-562C-4911-A99B-0C98F8659A1F} = {76C7782D-C976-46EA-81A0-331C669E2715}
		{2AB23DA9-05B8-4734-B232-07C1C76AB834} = {2612B2A2-3C59-42E0-A3A7-89C7FB614470}
		{1B61C678-0122-418C-8926-21D58F207F06} = {ED34C5B9-5DEE-4BBE-BDE3-D469F069BB63}
	EndGlobalSection
	GlobalSection(ExtensibilityGlobals) = postSolution
		SolutionGuid = {7DE08524-2CDE-4ECE-88D9-7F98C651FD89}
	EndGlobalSection
EndGlobal
